{
  "object": {
    "pins": [
      {
        "package": "Money",
        "repositoryURL": "https://github.com/Flight-School/Money",
        "state": {
          "branch": null,
          "revision": "2690838144b9e94e4d35bc6dd12edb6a07af6932",
          "version": "1.2.1"
        }
      },
      {
        "package": "swift-argument-parser",
        "repositoryURL": "https://github.com/apple/swift-argument-parser",
        "state": {
          "branch": null,
          "revision": "92646c0cdbaca076c8d3d0207891785b3379cbff",
          "version": "0.3.1"
        }
      },
      {
        "package": "SwiftCSV",
        "repositoryURL": "https://github.com/swiftcsv/SwiftCSV",
        "state": {
          "branch": null,
          "revision": "ad2042d0ba2ea260246b0e1b1d5710cbc53e2836",
          "version": "0.6.0"
        }
      }
    ]
  },
  "version": 1
}
